
Microsoft Visual Studio Solution File, Format Version 12.00
# Visual Studio Version 17
VisualStudioVersion = 17.3.32922.545
MinimumVisualStudioVersion = 10.0.40219.1
Project("{FAE04EC0-301F-11D3-BF4B-00C04F79EFBC}") = "SimpleCameraSetting", "SimpleCameraSetting.csproj", "{0CD5546D-979F-4FEF-94A0-CCC1ADE26879}"
EndProject
Global
	GlobalSection(SolutionConfigurationPlatforms) = preSolution
		Debug|Any CPU = Debug|Any CPU
		Release|Any CPU = Release|Any CPU
	EndGlobalSection
	GlobalSection(ProjectConfigurationPlatforms) = postSolution
		{0CD5546D-979F-4FEF-94A0-CCC1ADE26879}.Debug|Any CPU.ActiveCfg = Debug|Any CPU
		{0CD5546D-979F-4FEF-94A0-CCC1ADE26879}.Debug|Any CPU.Build.0 = Debug|Any CPU
		{0CD5546D-979F-4FEF-94A0-CCC1ADE26879}.Release|Any CPU.ActiveCfg = Release|Any CPU
		{0CD5546D-979F-4FEF-94A0-CCC1ADE26879}.Release|Any CPU.Build.0 = Release|Any CPU
	EndGlobalSection
	GlobalSection(SolutionProperties) = preSolution
		HideSolutionNode = FALSE
	EndGlobalSection
	GlobalSection(ExtensibilityGlobals) = postSolution
		SolutionGuid = {38A8625A-B63C-4A38-8FFD-D64AB4F5E063}
	EndGlobalSection
EndGlobal
